
Microsoft Visual Studio Solution File, Format Version 12.00
Project("{FAE04EC0-301F-11D3-BF4B-00C04F79EFBC}") = "ParkPal.NotificationService", "ParkPal.NotificationService.csproj", "{22980762-BAD2-4E3C-BC5E-94B927D54A8E}"
EndProject
Project("{FAE04EC0-301F-11D3-BF4B-00C04F79EFBC}") = "ParkPal.Common", "..\ParkPal.Common\ParkPal.Common.csproj", "{96FE1203-8047-4017-9F00-8C56282BA03D}"
EndProject
Project("{FAE04EC0-301F-11D3-BF4B-00C04F79EFBC}") = "ParkPal.NotificationServiceTests", "..\ParkPal.NotificationServiceTests\ParkPal.NotificationServiceTests.csproj", "{A4A8A1DD-48C0-4E12-85EA-2C056317010D}"
EndProject
Global
	GlobalSection(SolutionConfigurationPlatforms) = preSolution
		Debug|Any CPU = Debug|Any CPU
		Release|Any CPU = Release|Any CPU
	EndGlobalSection
	GlobalSection(ProjectConfigurationPlatforms) = postSolution
		{22980762-BAD2-4E3C-BC5E-94B927D54A8E}.Debug|Any CPU.ActiveCfg = Debug|Any CPU
		{22980762-BAD2-4E3C-BC5E-94B927D54A8E}.Debug|Any CPU.Build.0 = Debug|Any CPU
		{22980762-BAD2-4E3C-BC5E-94B927D54A8E}.Release|Any CPU.ActiveCfg = Release|Any CPU
		{22980762-BAD2-4E3C-BC5E-94B927D54A8E}.Release|Any CPU.Build.0 = Release|Any CPU
		{96FE1203-8047-4017-9F00-8C56282BA03D}.Debug|Any CPU.ActiveCfg = Debug|Any CPU
		{96FE1203-8047-4017-9F00-8C56282BA03D}.Debug|Any CPU.Build.0 = Debug|Any CPU
		{96FE1203-8047-4017-9F00-8C56282BA03D}.Release|Any CPU.ActiveCfg = Release|Any CPU
		{96FE1203-8047-4017-9F00-8C56282BA03D}.Release|Any CPU.Build.0 = Release|Any CPU
		{A4A8A1DD-48C0-4E12-85EA-2C056317010D}.Debug|Any CPU.ActiveCfg = Debug|Any CPU
		{A4A8A1DD-48C0-4E12-85EA-2C056317010D}.Debug|Any CPU.Build.0 = Debug|Any CPU
		{A4A8A1DD-48C0-4E12-85EA-2C056317010D}.Release|Any CPU.ActiveCfg = Release|Any CPU
		{A4A8A1DD-48C0-4E12-85EA-2C056317010D}.Release|Any CPU.Build.0 = Release|Any CPU
	EndGlobalSection
EndGlobal
