
Microsoft Visual Studio Solution File, Format Version 12.00
Project("{FAE04EC0-301F-11D3-BF4B-00C04F79EFBC}") = "ParkPal.SyncService", "ParkPal.SyncService.csproj", "{90DB7702-324B-4275-BEA2-0885A30B58CF}"
EndProject
Project("{FAE04EC0-301F-11D3-BF4B-00C04F79EFBC}") = "ParkPal.Common", "..\ParkPal.Common\ParkPal.Common.csproj", "{166AC208-5B5D-4501-8C8E-5FC406617229}"
EndProject
Global
	GlobalSection(SolutionConfigurationPlatforms) = preSolution
		Debug|Any CPU = Debug|Any CPU
		Release|Any CPU = Release|Any CPU
	EndGlobalSection
	GlobalSection(ProjectConfigurationPlatforms) = postSolution
		{90DB7702-324B-4275-BEA2-0885A30B58CF}.Debug|Any CPU.ActiveCfg = Debug|Any CPU
		{90DB7702-324B-4275-BEA2-0885A30B58CF}.Debug|Any CPU.Build.0 = Debug|Any CPU
		{90DB7702-324B-4275-BEA2-0885A30B58CF}.Release|Any CPU.ActiveCfg = Release|Any CPU
		{90DB7702-324B-4275-BEA2-0885A30B58CF}.Release|Any CPU.Build.0 = Release|Any CPU
		{166AC208-5B5D-4501-8C8E-5FC406617229}.Debug|Any CPU.ActiveCfg = Debug|Any CPU
		{166AC208-5B5D-4501-8C8E-5FC406617229}.Debug|Any CPU.Build.0 = Debug|Any CPU
		{166AC208-5B5D-4501-8C8E-5FC406617229}.Release|Any CPU.ActiveCfg = Release|Any CPU
		{166AC208-5B5D-4501-8C8E-5FC406617229}.Release|Any CPU.Build.0 = Release|Any CPU
	EndGlobalSection
EndGlobal
