
Microsoft Visual Studio Solution File, Format Version 12.00
Project("{FAE04EC0-301F-11D3-BF4B-00C04F79EFBC}") = "ParkPal.DatabaseDeployer", "ParkPal.DatabaseDeployer.csproj", "{E31F3337-E848-4458-A654-90EB005958CD}"
EndProject
Global
	GlobalSection(SolutionConfigurationPlatforms) = preSolution
		Debug|Any CPU = Debug|Any CPU
		Release|Any CPU = Release|Any CPU
	EndGlobalSection
	GlobalSection(ProjectConfigurationPlatforms) = postSolution
		{E31F3337-E848-4458-A654-90EB005958CD}.Debug|Any CPU.ActiveCfg = Debug|Any CPU
		{E31F3337-E848-4458-A654-90EB005958CD}.Debug|Any CPU.Build.0 = Debug|Any CPU
		{E31F3337-E848-4458-A654-90EB005958CD}.Release|Any CPU.ActiveCfg = Release|Any CPU
		{E31F3337-E848-4458-A654-90EB005958CD}.Release|Any CPU.Build.0 = Release|Any CPU
	EndGlobalSection
EndGlobal
